
Microsoft Visual Studio Solution File, Format Version 12.00
# Visual Studio Version 17
VisualStudioVersion = 17.1.32228.430
MinimumVisualStudioVersion = 10.0.40219.1
Project("{FAE04EC0-301F-11D3-BF4B-00C04F79EFBC}") = "ExerBanco", "ExerBanco\ExerBanco.csproj", "{915FFB9D-3B43-43D1-BCC4-5030167BAB74}"
EndProject
Global
	GlobalSection(SolutionConfigurationPlatforms) = preSolution
		Debug|Any CPU = Debug|Any CPU
		Release|Any CPU = Release|Any CPU
	EndGlobalSection
	GlobalSection(ProjectConfigurationPlatforms) = postSolution
		{915FFB9D-3B43-43D1-BCC4-5030167BAB74}.Debug|Any CPU.ActiveCfg = Debug|Any CPU
		{915FFB9D-3B43-43D1-BCC4-5030167BAB74}.Debug|Any CPU.Build.0 = Debug|Any CPU
		{915FFB9D-3B43-43D1-BCC4-5030167BAB74}.Release|Any CPU.ActiveCfg = Release|Any CPU
		{915FFB9D-3B43-43D1-BCC4-5030167BAB74}.Release|Any CPU.Build.0 = Release|Any CPU
	EndGlobalSection
	GlobalSection(SolutionProperties) = preSolution
		HideSolutionNode = FALSE
	EndGlobalSection
	GlobalSection(ExtensibilityGlobals) = postSolution
		SolutionGuid = {435CE35E-F478-4B4F-8F7C-87D61EEDDA70}
	EndGlobalSection
EndGlobal
